
Microsoft Visual Studio Solution File, Format Version 12.00
# Visual Studio Version 17
VisualStudioVersion = 17.5.33530.505
MinimumVisualStudioVersion = 10.0.40219.1
Project("{FAE04EC0-301F-11D3-BF4B-00C04F79EFBC}") = "ToDoAPI", "ToDoAPI.csproj", "{FF71FD95-DD17-4F16-B78E-EB7AECB18D4A}"
EndProject
Project("{FAE04EC0-301F-11D3-BF4B-00C04F79EFBC}") = "ToDoAPITest", "..\ToDoAPITest\ToDoAPITest.csproj", "{1F72B2BB-F127-40C6-96FC-E469F4BCFF68}"
EndProject
Global
	GlobalSection(SolutionConfigurationPlatforms) = preSolution
		Debug|Any CPU = Debug|Any CPU
		Release|Any CPU = Release|Any CPU
	EndGlobalSection
	GlobalSection(ProjectConfigurationPlatforms) = postSolution
		{FF71FD95-DD17-4F16-B78E-EB7AECB18D4A}.Debug|Any CPU.ActiveCfg = Debug|Any CPU
		{FF71FD95-DD17-4F16-B78E-EB7AECB18D4A}.Debug|Any CPU.Build.0 = Debug|Any CPU
		{FF71FD95-DD17-4F16-B78E-EB7AECB18D4A}.Release|Any CPU.ActiveCfg = Release|Any CPU
		{FF71FD95-DD17-4F16-B78E-EB7AECB18D4A}.Release|Any CPU.Build.0 = Release|Any CPU
		{1F72B2BB-F127-40C6-96FC-E469F4BCFF68}.Debug|Any CPU.ActiveCfg = Debug|Any CPU
		{1F72B2BB-F127-40C6-96FC-E469F4BCFF68}.Debug|Any CPU.Build.0 = Debug|Any CPU
		{1F72B2BB-F127-40C6-96FC-E469F4BCFF68}.Release|Any CPU.ActiveCfg = Release|Any CPU
		{1F72B2BB-F127-40C6-96FC-E469F4BCFF68}.Release|Any CPU.Build.0 = Release|Any CPU
	EndGlobalSection
	GlobalSection(SolutionProperties) = preSolution
		HideSolutionNode = FALSE
	EndGlobalSection
	GlobalSection(ExtensibilityGlobals) = postSolution
		SolutionGuid = {7B95B85B-50FE-42A5-ABE8-50BE9CA0CDEC}
	EndGlobalSection
EndGlobal
